<?xml version="1.0" encoding="utf-8"?>
<Project ToolsVersion="4.0" xmlns="http://schemas.microsoft.com/developer/msbuild/2003">
  <ItemGroup>
    <Filter Include="源文件">
      <UniqueIdentifier>{4FC737F1-C7A5-4376-A066-2A32D752A2FF}</UniqueIdentifier>
      <Extensions>cpp;c;cc;cxx;c++;cppm;ixx;def;odl;idl;hpj;bat;asm;asmx</Extensions>
    </Filter>
    <Filter Include="头文件">
      <UniqueIdentifier>{93995380-89BD-4b04-88EB-625FBE52EBFB}</UniqueIdentifier>
      <Extensions>h;hh;hpp;hxx;h++;hm;inl;inc;ipp;xsd</Extensions>
    </Filter>
    <Filter Include="资源文件">
      <UniqueIdentifier>{67DA6AB6-F800-4c08-8B7A-83BB121AAD01}</UniqueIdentifier>
      <Extensions>rc;ico;cur;bmp;dlg;rc2;rct;bin;rgs;gif;jpg;jpeg;jpe;resx;tiff;tif;png;wav;mfcribbon-ms</Extensions>
    </Filter>
  </ItemGroup>
  <ItemGroup>
    <ClCompile Include="main.cpp">
      <Filter>源文件</Filter>
    </ClCompile>
    <ClCompile Include="Misc\Application.cpp">
      <Filter>源文件</Filter>
    </ClCompile>
    <ClCompile Include="Graphics\GPUProgram.cpp">
      <Filter>源文件</Filter>
    </ClCompile>
    <ClCompile Include="Graphics\glad.c">
      <Filter>源文件</Filter>
    </ClCompile>
    <ClCompile Include="Graphics\Graphics.cpp">
      <Filter>源文件</Filter>
    </ClCompile>
    <ClCompile Include="Graphics\GraphicsGL.cpp">
      <Filter>源文件</Filter>
    </ClCompile>
    <ClCompile Include="Graphics\GPUProgramGL.cpp">
      <Filter>源文件</Filter>
    </ClCompile>
    <ClCompile Include="Base\GameObject.cpp">
      <Filter>源文件</Filter>
    </ClCompile>
    <ClCompile Include="Component\Renderer.cpp">
      <Filter>源文件</Filter>
    </ClCompile>
    <ClCompile Include="Misc\GlobalConfig.cpp">
      <Filter>源文件</Filter>
    </ClCompile>
    <ClCompile Include="Thread\Thread.cpp">
      <Filter>源文件</Filter>
    </ClCompile>
    <ClCompile Include="Thread\RenderThreadVulkan.cpp">
      <Filter>源文件</Filter>
    </ClCompile>
    <ClCompile Include="IO\FileSystem.cpp">
      <Filter>源文件</Filter>
    </ClCompile>
    <ClCompile Include="IO\File.cpp">
      <Filter>源文件</Filter>
    </ClCompile>
    <ClCompile Include="Graphics\GPUProgramVulkan.cpp">
      <Filter>源文件</Filter>
    </ClCompile>
    <ClCompile Include="Math\Vector2.cpp">
      <Filter>源文件</Filter>
    </ClCompile>
    <ClCompile Include="Math\Vector3.cpp">
      <Filter>源文件</Filter>
    </ClCompile>
    <ClCompile Include="Math\Matrix4x4.cpp">
      <Filter>源文件</Filter>
    </ClCompile>
    <ClCompile Include="Graphics\Image.cpp">
      <Filter>源文件</Filter>
    </ClCompile>
    <ClCompile Include="Graphics\Mesh.cpp">
      <Filter>源文件</Filter>
    </ClCompile>
    <ClCompile Include="Graphics\VertexData.cpp">
      <Filter>源文件</Filter>
    </ClCompile>
    <ClCompile Include="Base\Camera.cpp">
      <Filter>源文件</Filter>
    </ClCompile>
    <ClCompile Include="IO\HID.cpp">
      <Filter>源文件</Filter>
    </ClCompile>
    <ClCompile Include="Graphics\Texture.cpp">
      <Filter>源文件</Filter>
    </ClCompile>
    <ClCompile Include="Base\StringHash.cpp">
      <Filter>源文件</Filter>
    </ClCompile>
    <ClCompile Include="Graphics\Shader\ShaderParser.cpp">
      <Filter>源文件</Filter>
    </ClCompile>
    <ClCompile Include="Graphics\Shader\Shader.cpp">
      <Filter>源文件</Filter>
    </ClCompile>
    <ClCompile Include="Graphics\ProceduralMesh.cpp">
      <Filter>源文件</Filter>
    </ClCompile>
    <ClCompile Include="Graphics\ProgramCPU.cpp">
      <Filter>源文件</Filter>
    </ClCompile>
    <ClCompile Include="Math\Matrix3x3.cpp">
      <Filter>源文件</Filter>
    </ClCompile>
    <ClCompile Include="Component\Transform.cpp">
      <Filter>源文件</Filter>
    </ClCompile>
    <ClCompile Include="Component\Component.cpp">
      <Filter>源文件</Filter>
    </ClCompile>
    <ClCompile Include="Math\Quaternion.cpp">
      <Filter>源文件</Filter>
    </ClCompile>
    <ClCompile Include="Misc\TimeManager.cpp">
      <Filter>源文件</Filter>
    </ClCompile>
    <ClCompile Include="Graphics\Texture2D.cpp">
      <Filter>源文件</Filter>
    </ClCompile>
    <ClCompile Include="Graphics\TextureCube.cpp">
      <Filter>源文件</Filter>
    </ClCompile>
    <ClCompile Include="Base\Light.cpp">
      <Filter>源文件</Filter>
    </ClCompile>
    <ClCompile Include="IO\MemoryManager.cpp">
      <Filter>源文件</Filter>
    </ClCompile>
    <ClCompile Include="Graphics\UniformData.cpp">
      <Filter>源文件</Filter>
    </ClCompile>
    <ClCompile Include="Graphics\Material.cpp">
      <Filter>源文件</Filter>
    </ClCompile>
    <ClCompile Include="Thread\RenderThreadD3D11.cpp">
      <Filter>源文件</Filter>
    </ClCompile>
    <ClCompile Include="Container\Str.cpp">
      <Filter>源文件</Filter>
    </ClCompile>
    <ClCompile Include="Graphics\Window.cpp">
      <Filter>源文件</Filter>
    </ClCompile>
    <ClCompile Include="Core\EngineContext.cpp">
      <Filter>源文件</Filter>
    </ClCompile>
    <ClCompile Include="Core\Object.cpp">
      <Filter>源文件</Filter>
    </ClCompile>
    <ClCompile Include="Scene\Scene.cpp">
      <Filter>源文件</Filter>
    </ClCompile>
    <ClCompile Include="Core\SubSystem.cpp">
      <Filter>源文件</Filter>
    </ClCompile>
    <ClCompile Include="Graphics\PipelineState.cpp">
      <Filter>源文件</Filter>
    </ClCompile>
    <ClCompile Include="Thread\RenderThread.cpp">
      <Filter>源文件</Filter>
    </ClCompile>
    <ClCompile Include="Graphics\Vulkan\RenderAPIVK.cpp">
      <Filter>源文件</Filter>
    </ClCompile>
    <ClCompile Include="Graphics\RenderAPIProtocol.cpp">
      <Filter>源文件</Filter>
    </ClCompile>
    <ClCompile Include="Graphics\View.cpp">
      <Filter>源文件</Filter>
    </ClCompile>
    <ClCompile Include="Graphics\VertexBuffer.cpp">
      <Filter>源文件</Filter>
    </ClCompile>
    <ClCompile Include="Graphics\IndexBuffer.cpp">
      <Filter>源文件</Filter>
    </ClCompile>
    <ClCompile Include="Graphics\Vulkan\RenderStructsVK.cpp">
      <Filter>源文件</Filter>
    </ClCompile>
    <ClCompile Include="Resource\Resource.cpp">
      <Filter>源文件</Filter>
    </ClCompile>
    <ClCompile Include="Component\MeshRenderer.cpp">
      <Filter>源文件</Filter>
    </ClCompile>
    <ClCompile Include="Graphics\Vulkan\RenderEnumsVK.cpp">
      <Filter>源文件</Filter>
    </ClCompile>
    <ClCompile Include="Graphics\CommandBuffer.cpp">
      <Filter>源文件</Filter>
    </ClCompile>
    <ClCompile Include="..\ThirdParty\SPIRV-Reflect\spirv_reflect.c">
      <Filter>源文件</Filter>
    </ClCompile>
    <ClCompile Include="Graphics\Shader\ShaderReflection.cpp">
      <Filter>源文件</Filter>
    </ClCompile>
    <ClCompile Include="Graphics\GraphicDefines.cpp">
      <Filter>源文件</Filter>
    </ClCompile>
    <ClCompile Include="Graphics\Shader\ShaderProgram.cpp">
      <Filter>源文件</Filter>
    </ClCompile>
    <ClCompile Include="Graphics\Descriptor.cpp">
      <Filter>源文件</Filter>
    </ClCompile>
  </ItemGroup>
  <ItemGroup>
    <ClInclude Include="Misc\GlobalConfig.h">
      <Filter>头文件</Filter>
    </ClInclude>
    <ClInclude Include="Misc\Application.h">
      <Filter>头文件</Filter>
    </ClInclude>
    <ClInclude Include="Graphics\Mesh.h">
      <Filter>头文件</Filter>
    </ClInclude>
    <ClInclude Include="Graphics\GPUProgram.h">
      <Filter>头文件</Filter>
    </ClInclude>
    <ClInclude Include="Graphics\Material.h">
      <Filter>头文件</Filter>
    </ClInclude>
    <ClInclude Include="Graphics\Graphics.h">
      <Filter>头文件</Filter>
    </ClInclude>
    <ClInclude Include="Graphics\GraphicsGL.h">
      <Filter>头文件</Filter>
    </ClInclude>
    <ClInclude Include="Graphics\GPUProgramGL.h">
      <Filter>头文件</Filter>
    </ClInclude>
    <ClInclude Include="IO\FileSystem.h">
      <Filter>头文件</Filter>
    </ClInclude>
    <ClInclude Include="IO\Log.h">
      <Filter>头文件</Filter>
    </ClInclude>
    <ClInclude Include="Base\GameObject.h">
      <Filter>头文件</Filter>
    </ClInclude>
    <ClInclude Include="Component\Renderer.h">
      <Filter>头文件</Filter>
    </ClInclude>
    <ClInclude Include="Base\Camera.h">
      <Filter>头文件</Filter>
    </ClInclude>
    <ClInclude Include="Graphics\RenderCommand.h">
      <Filter>头文件</Filter>
    </ClInclude>
    <ClInclude Include="Thread\Thread.h">
      <Filter>头文件</Filter>
    </ClInclude>
    <ClInclude Include="Graphics\GraphicDefines.h">
      <Filter>头文件</Filter>
    </ClInclude>
    <ClInclude Include="Thread\RenderThread.h">
      <Filter>头文件</Filter>
    </ClInclude>
    <ClInclude Include="Thread\RenderThreadVulkan.h">
      <Filter>头文件</Filter>
    </ClInclude>
    <ClInclude Include="Thread\RenderThreadGL.h">
      <Filter>头文件</Filter>
    </ClInclude>
    <ClInclude Include="IO\File.h">
      <Filter>头文件</Filter>
    </ClInclude>
    <ClInclude Include="Graphics\GPUProgramVulkan.h">
      <Filter>头文件</Filter>
    </ClInclude>
    <ClInclude Include="Math\Vector4.h">
      <Filter>头文件</Filter>
    </ClInclude>
    <ClInclude Include="Math\Vector2.h">
      <Filter>头文件</Filter>
    </ClInclude>
    <ClInclude Include="Math\FloatMath.h">
      <Filter>头文件</Filter>
    </ClInclude>
    <ClInclude Include="Math\Vector3.h">
      <Filter>头文件</Filter>
    </ClInclude>
    <ClInclude Include="Graphics\VertexData.h">
      <Filter>头文件</Filter>
    </ClInclude>
    <ClInclude Include="Graphics\VulkanHeader.h">
      <Filter>头文件</Filter>
    </ClInclude>
    <ClInclude Include="Math\Matrix4x4.h">
      <Filter>头文件</Filter>
    </ClInclude>
    <ClInclude Include="Graphics\Image.h">
      <Filter>头文件</Filter>
    </ClInclude>
    <ClInclude Include="IO\HID.h">
      <Filter>头文件</Filter>
    </ClInclude>
    <ClInclude Include="Graphics\Shader\Shader.h">
      <Filter>头文件</Filter>
    </ClInclude>
    <ClInclude Include="Graphics\Texture.h">
      <Filter>头文件</Filter>
    </ClInclude>
    <ClInclude Include="Base\StringHash.h">
      <Filter>头文件</Filter>
    </ClInclude>
    <ClInclude Include="Graphics\Shader\ShaderParser.h">
      <Filter>头文件</Filter>
    </ClInclude>
    <ClInclude Include="Graphics\ProceduralMesh.h">
      <Filter>头文件</Filter>
    </ClInclude>
    <ClInclude Include="IO\MemoryManager.h">
      <Filter>头文件</Filter>
    </ClInclude>
    <ClInclude Include="Graphics\ProgramCPU.h">
      <Filter>头文件</Filter>
    </ClInclude>
    <ClInclude Include="Component\Transform.h">
      <Filter>头文件</Filter>
    </ClInclude>
    <ClInclude Include="Component\Component.h">
      <Filter>头文件</Filter>
    </ClInclude>
    <ClInclude Include="Math\Quaternion.h">
      <Filter>头文件</Filter>
    </ClInclude>
    <ClInclude Include="Math\Matrix3x3.h">
      <Filter>头文件</Filter>
    </ClInclude>
    <ClInclude Include="Misc\TimeManager.h">
      <Filter>头文件</Filter>
    </ClInclude>
    <ClInclude Include="Graphics\Texture2D.h">
      <Filter>头文件</Filter>
    </ClInclude>
    <ClInclude Include="Graphics\TextureCube.h">
      <Filter>头文件</Filter>
    </ClInclude>
    <ClInclude Include="Base\Light.h">
      <Filter>头文件</Filter>
    </ClInclude>
    <ClInclude Include="Graphics\UniformData.h">
      <Filter>头文件</Filter>
    </ClInclude>
    <ClInclude Include="Thread\RenderThreadD3D11.h">
      <Filter>头文件</Filter>
    </ClInclude>
    <ClInclude Include="Container\Ptr.h">
      <Filter>头文件</Filter>
    </ClInclude>
    <ClInclude Include="Container\Str.h">
      <Filter>头文件</Filter>
    </ClInclude>
    <ClInclude Include="Container\Vector.h">
      <Filter>头文件</Filter>
    </ClInclude>
    <ClInclude Include="Container\HashMap.h">
      <Filter>头文件</Filter>
    </ClInclude>
    <ClInclude Include="Container\SparseArray.h">
      <Filter>头文件</Filter>
    </ClInclude>
    <ClInclude Include="Container\HashSet.h">
      <Filter>头文件</Filter>
    </ClInclude>
    <ClInclude Include="Container\Hash.h">
      <Filter>头文件</Filter>
    </ClInclude>
    <ClInclude Include="Container\Pair.h">
      <Filter>头文件</Filter>
    </ClInclude>
    <ClInclude Include="Graphics\Window.h">
      <Filter>头文件</Filter>
    </ClInclude>
    <ClInclude Include="Container\Variant.h">
      <Filter>头文件</Filter>
    </ClInclude>
    <ClInclude Include="Graphics\PipelineState.h">
      <Filter>头文件</Filter>
    </ClInclude>
    <ClInclude Include="Core\EngineContext.h">
      <Filter>头文件</Filter>
    </ClInclude>
    <ClInclude Include="Core\Functions.h">
      <Filter>头文件</Filter>
    </ClInclude>
    <ClInclude Include="Core\Object.h">
      <Filter>头文件</Filter>
    </ClInclude>
    <ClInclude Include="Core\ObjectDefines.h">
      <Filter>头文件</Filter>
    </ClInclude>
    <ClInclude Include="Core\Platform.h">
      <Filter>头文件</Filter>
    </ClInclude>
    <ClInclude Include="Core\RefCount.h">
      <Filter>头文件</Filter>
    </ClInclude>
    <ClInclude Include="Scene\Scene.h">
      <Filter>头文件</Filter>
    </ClInclude>
    <ClInclude Include="Core\SubSystem.h">
      <Filter>头文件</Filter>
    </ClInclude>
    <ClInclude Include="Core\ClassIDs.h">
      <Filter>头文件</Filter>
    </ClInclude>
    <ClInclude Include="Graphics\RenderAPIProtocol.h">
      <Filter>头文件</Filter>
    </ClInclude>
    <ClInclude Include="Graphics\Vulkan\RenderAPIVK.h">
      <Filter>头文件</Filter>
    </ClInclude>
    <ClInclude Include="Math\MathDefs.h">
      <Filter>头文件</Filter>
    </ClInclude>
    <ClInclude Include="Graphics\CommandBuffer.h">
      <Filter>头文件</Filter>
    </ClInclude>
    <ClInclude Include="Graphics\View.h">
      <Filter>头文件</Filter>
    </ClInclude>
    <ClInclude Include="Graphics\GPUResource.h">
      <Filter>头文件</Filter>
    </ClInclude>
    <ClInclude Include="IO\MemoryWriter.h">
      <Filter>头文件</Filter>
    </ClInclude>
    <ClInclude Include="Graphics\GFXCommandList.h">
      <Filter>头文件</Filter>
    </ClInclude>
    <ClInclude Include="Graphics\FrameBuffer.h">
      <Filter>头文件</Filter>
    </ClInclude>
    <ClInclude Include="Graphics\GPUTexture.h">
      <Filter>头文件</Filter>
    </ClInclude>
    <ClInclude Include="Graphics\RenderTarget.h">
      <Filter>头文件</Filter>
    </ClInclude>
    <ClInclude Include="Graphics\SwapChain.h">
      <Filter>头文件</Filter>
    </ClInclude>
    <ClInclude Include="Graphics\GPUCreateInfos.h">
      <Filter>头文件</Filter>
    </ClInclude>
    <ClInclude Include="Graphics\Vulkan\RenderEnumsVK.h">
      <Filter>头文件</Filter>
    </ClInclude>
    <ClInclude Include="Graphics\Vulkan\RenderStructsVK.h">
      <Filter>头文件</Filter>
    </ClInclude>
    <ClInclude Include="Component\MeshRenderer.h">
      <Filter>头文件</Filter>
    </ClInclude>
    <ClInclude Include="Graphics\VertexBuffer.h">
      <Filter>头文件</Filter>
    </ClInclude>
    <ClInclude Include="Graphics\IndexBuffer.h">
      <Filter>头文件</Filter>
    </ClInclude>
    <ClInclude Include="Graphics\UniformBuffer.h">
      <Filter>头文件</Filter>
    </ClInclude>
    <ClInclude Include="Platform\Platform.h">
      <Filter>头文件</Filter>
    </ClInclude>
    <ClInclude Include="Resource\Resource.h">
      <Filter>头文件</Filter>
    </ClInclude>
    <ClInclude Include="Graphics\Viewport.h">
      <Filter>头文件</Filter>
    </ClInclude>
    <ClInclude Include="Math\Rect.h">
      <Filter>头文件</Filter>
    </ClInclude>
    <ClInclude Include="Core\Hashable.h">
      <Filter>头文件</Filter>
    </ClInclude>
    <ClInclude Include="Core\Minimal.h">
      <Filter>头文件</Filter>
    </ClInclude>
    <ClInclude Include="Graphics\Shader\ShaderReflection.h">
      <Filter>头文件</Filter>
    </ClInclude>
    <ClInclude Include="Graphics\Descriptor.h">
      <Filter>头文件</Filter>
    </ClInclude>
    <ClInclude Include="Graphics\Shader\ShaderProgram.h">
      <Filter>头文件</Filter>
    </ClInclude>
  </ItemGroup>
  <ItemGroup>
    <Natvis Include="Container\Container.natvis" />
  </ItemGroup>
</Project>