<?xml version="1.0" encoding="utf-8"?>
<Project ToolsVersion="4.0" xmlns="http://schemas.microsoft.com/developer/msbuild/2003">
  <ItemGroup>
    <Filter Include="源文件">
      <UniqueIdentifier>{4FC737F1-C7A5-4376-A066-2A32D752A2FF}</UniqueIdentifier>
      <Extensions>cpp;c;cc;cxx;c++;cppm;ixx;def;odl;idl;hpj;bat;asm;asmx</Extensions>
    </Filter>
    <Filter Include="头文件">
      <UniqueIdentifier>{93995380-89BD-4b04-88EB-625FBE52EBFB}</UniqueIdentifier>
      <Extensions>h;hh;hpp;hxx;h++;hm;inl;inc;ipp;xsd</Extensions>
    </Filter>
    <Filter Include="资源文件">
      <UniqueIdentifier>{67DA6AB6-F800-4c08-8B7A-83BB121AAD01}</UniqueIdentifier>
      <Extensions>rc;ico;cur;bmp;dlg;rc2;rct;bin;rgs;gif;jpg;jpeg;jpe;resx;tiff;tif;png;wav;mfcribbon-ms</Extensions>
    </Filter>
  </ItemGroup>
  <ItemGroup>
    <ClCompile Include="main.cpp">
      <Filter>源文件</Filter>
    </ClCompile>
    <ClCompile Include="Misc\Application.cpp">
      <Filter>源文件</Filter>
    </ClCompile>
    <ClCompile Include="Graphics\GPUProgram.cpp">
      <Filter>源文件</Filter>
    </ClCompile>
    <ClCompile Include="Graphics\glad.c">
      <Filter>源文件</Filter>
    </ClCompile>
    <ClCompile Include="Graphics\Graphics.cpp">
      <Filter>源文件</Filter>
    </ClCompile>
    <ClCompile Include="Graphics\GraphicsGL.cpp">
      <Filter>源文件</Filter>
    </ClCompile>
    <ClCompile Include="Graphics\GPUProgramGL.cpp">
      <Filter>源文件</Filter>
    </ClCompile>
    <ClCompile Include="Base\GameObject.cpp">
      <Filter>源文件</Filter>
    </ClCompile>
    <ClCompile Include="Component\Renderer.cpp">
      <Filter>源文件</Filter>
    </ClCompile>
    <ClCompile Include="Base\Scene.cpp">
      <Filter>源文件</Filter>
    </ClCompile>
    <ClCompile Include="Base\EngineContext.cpp">
      <Filter>源文件</Filter>
    </ClCompile>
    <ClCompile Include="Base\SubSystem.cpp">
      <Filter>源文件</Filter>
    </ClCompile>
    <ClCompile Include="Base\Object.cpp">
      <Filter>源文件</Filter>
    </ClCompile>
    <ClCompile Include="Misc\GlobalConfig.cpp">
      <Filter>源文件</Filter>
    </ClCompile>
    <ClCompile Include="Thread\Thread.cpp">
      <Filter>源文件</Filter>
    </ClCompile>
    <ClCompile Include="Thread\RenderThreadVulkan.cpp">
      <Filter>源文件</Filter>
    </ClCompile>
    <ClCompile Include="IO\FileSystem.cpp">
      <Filter>源文件</Filter>
    </ClCompile>
    <ClCompile Include="IO\File.cpp">
      <Filter>源文件</Filter>
    </ClCompile>
    <ClCompile Include="Graphics\GPUProgramVulkan.cpp">
      <Filter>源文件</Filter>
    </ClCompile>
    <ClCompile Include="Math\Vector2.cpp">
      <Filter>源文件</Filter>
    </ClCompile>
    <ClCompile Include="Math\Vector3.cpp">
      <Filter>源文件</Filter>
    </ClCompile>
    <ClCompile Include="Math\Matrix4x4.cpp">
      <Filter>源文件</Filter>
    </ClCompile>
    <ClCompile Include="Graphics\Image.cpp">
      <Filter>源文件</Filter>
    </ClCompile>
    <ClCompile Include="Graphics\Mesh.cpp">
      <Filter>源文件</Filter>
    </ClCompile>
    <ClCompile Include="Graphics\VertexData.cpp">
      <Filter>源文件</Filter>
    </ClCompile>
    <ClCompile Include="Base\Camera.cpp">
      <Filter>源文件</Filter>
    </ClCompile>
    <ClCompile Include="IO\HID.cpp">
      <Filter>源文件</Filter>
    </ClCompile>
    <ClCompile Include="Graphics\Texture.cpp">
      <Filter>源文件</Filter>
    </ClCompile>
    <ClCompile Include="Base\StringHash.cpp">
      <Filter>源文件</Filter>
    </ClCompile>
    <ClCompile Include="Graphics\Shader\ShaderParser.cpp">
      <Filter>源文件</Filter>
    </ClCompile>
    <ClCompile Include="Graphics\Shader\Shader.cpp">
      <Filter>源文件</Filter>
    </ClCompile>
    <ClCompile Include="Graphics\ProceduralMesh.cpp">
      <Filter>源文件</Filter>
    </ClCompile>
    <ClCompile Include="Graphics\ProgramCPU.cpp">
      <Filter>源文件</Filter>
    </ClCompile>
    <ClCompile Include="Math\Matrix3x3.cpp">
      <Filter>源文件</Filter>
    </ClCompile>
    <ClCompile Include="Component\Transform.cpp">
      <Filter>源文件</Filter>
    </ClCompile>
    <ClCompile Include="Component\Component.cpp">
      <Filter>源文件</Filter>
    </ClCompile>
    <ClCompile Include="Math\Quaternion.cpp">
      <Filter>源文件</Filter>
    </ClCompile>
    <ClCompile Include="Misc\TimeManager.cpp">
      <Filter>源文件</Filter>
    </ClCompile>
    <ClCompile Include="Graphics\Texture2D.cpp">
      <Filter>源文件</Filter>
    </ClCompile>
    <ClCompile Include="Graphics\TextureCube.cpp">
      <Filter>源文件</Filter>
    </ClCompile>
    <ClCompile Include="Base\Light.cpp">
      <Filter>源文件</Filter>
    </ClCompile>
    <ClCompile Include="IO\MemoryManager.cpp">
      <Filter>源文件</Filter>
    </ClCompile>
    <ClCompile Include="Graphics\UniformData.cpp">
      <Filter>源文件</Filter>
    </ClCompile>
  </ItemGroup>
  <ItemGroup>
    <ClInclude Include="Misc\GlobalConfig.h">
      <Filter>头文件</Filter>
    </ClInclude>
    <ClInclude Include="Misc\Application.h">
      <Filter>头文件</Filter>
    </ClInclude>
    <ClInclude Include="Graphics\Mesh.h">
      <Filter>头文件</Filter>
    </ClInclude>
    <ClInclude Include="Graphics\GPUProgram.h">
      <Filter>头文件</Filter>
    </ClInclude>
    <ClInclude Include="Graphics\Material.h">
      <Filter>头文件</Filter>
    </ClInclude>
    <ClInclude Include="Graphics\Graphics.h">
      <Filter>头文件</Filter>
    </ClInclude>
    <ClInclude Include="Graphics\GraphicsGL.h">
      <Filter>头文件</Filter>
    </ClInclude>
    <ClInclude Include="Graphics\GPUProgramGL.h">
      <Filter>头文件</Filter>
    </ClInclude>
    <ClInclude Include="IO\FileSystem.h">
      <Filter>头文件</Filter>
    </ClInclude>
    <ClInclude Include="IO\Log.h">
      <Filter>头文件</Filter>
    </ClInclude>
    <ClInclude Include="Base\GameObject.h">
      <Filter>头文件</Filter>
    </ClInclude>
    <ClInclude Include="Component\Renderer.h">
      <Filter>头文件</Filter>
    </ClInclude>
    <ClInclude Include="Base\Scene.h">
      <Filter>头文件</Filter>
    </ClInclude>
    <ClInclude Include="Base\Camera.h">
      <Filter>头文件</Filter>
    </ClInclude>
    <ClInclude Include="Base\EngineContext.h">
      <Filter>头文件</Filter>
    </ClInclude>
    <ClInclude Include="Graphics\RenderCommand.h">
      <Filter>头文件</Filter>
    </ClInclude>
    <ClInclude Include="Base\SubSystem.h">
      <Filter>头文件</Filter>
    </ClInclude>
    <ClInclude Include="Base\ObjectDefines.h">
      <Filter>头文件</Filter>
    </ClInclude>
    <ClInclude Include="Base\Object.h">
      <Filter>头文件</Filter>
    </ClInclude>
    <ClInclude Include="Base\ClassIDs.h">
      <Filter>头文件</Filter>
    </ClInclude>
    <ClInclude Include="Thread\Thread.h">
      <Filter>头文件</Filter>
    </ClInclude>
    <ClInclude Include="Graphics\GraphicDefines.h">
      <Filter>头文件</Filter>
    </ClInclude>
    <ClInclude Include="Thread\RenderThread.h">
      <Filter>头文件</Filter>
    </ClInclude>
    <ClInclude Include="Thread\RenderThreadVulkan.h">
      <Filter>头文件</Filter>
    </ClInclude>
    <ClInclude Include="Thread\RenderThreadGL.h">
      <Filter>头文件</Filter>
    </ClInclude>
    <ClInclude Include="IO\File.h">
      <Filter>头文件</Filter>
    </ClInclude>
    <ClInclude Include="Graphics\Shader\ShaderDefs.h">
      <Filter>头文件</Filter>
    </ClInclude>
    <ClInclude Include="Graphics\GPUProgramVulkan.h">
      <Filter>头文件</Filter>
    </ClInclude>
    <ClInclude Include="Math\Vector4.h">
      <Filter>头文件</Filter>
    </ClInclude>
    <ClInclude Include="Math\Vector2.h">
      <Filter>头文件</Filter>
    </ClInclude>
    <ClInclude Include="Math\FloatMath.h">
      <Filter>头文件</Filter>
    </ClInclude>
    <ClInclude Include="Math\Vector3.h">
      <Filter>头文件</Filter>
    </ClInclude>
    <ClInclude Include="Graphics\VertexData.h">
      <Filter>头文件</Filter>
    </ClInclude>
    <ClInclude Include="Graphics\VulkanHeader.h">
      <Filter>头文件</Filter>
    </ClInclude>
    <ClInclude Include="Math\Matrix4x4.h">
      <Filter>头文件</Filter>
    </ClInclude>
    <ClInclude Include="Graphics\Image.h">
      <Filter>头文件</Filter>
    </ClInclude>
    <ClInclude Include="IO\HID.h">
      <Filter>头文件</Filter>
    </ClInclude>
    <ClInclude Include="Graphics\Shader\Shader.h">
      <Filter>头文件</Filter>
    </ClInclude>
    <ClInclude Include="Graphics\Texture.h">
      <Filter>头文件</Filter>
    </ClInclude>
    <ClInclude Include="Base\StringHash.h">
      <Filter>头文件</Filter>
    </ClInclude>
    <ClInclude Include="Graphics\Shader\ShaderParser.h">
      <Filter>头文件</Filter>
    </ClInclude>
    <ClInclude Include="Graphics\ProceduralMesh.h">
      <Filter>头文件</Filter>
    </ClInclude>
    <ClInclude Include="IO\MemoryManager.h">
      <Filter>头文件</Filter>
    </ClInclude>
    <ClInclude Include="Graphics\ProgramCPU.h">
      <Filter>头文件</Filter>
    </ClInclude>
    <ClInclude Include="Component\Transform.h">
      <Filter>头文件</Filter>
    </ClInclude>
    <ClInclude Include="Component\Component.h">
      <Filter>头文件</Filter>
    </ClInclude>
    <ClInclude Include="Math\Quaternion.h">
      <Filter>头文件</Filter>
    </ClInclude>
    <ClInclude Include="Math\Matrix3x3.h">
      <Filter>头文件</Filter>
    </ClInclude>
    <ClInclude Include="Misc\TimeManager.h">
      <Filter>头文件</Filter>
    </ClInclude>
    <ClInclude Include="Graphics\Texture2D.h">
      <Filter>头文件</Filter>
    </ClInclude>
    <ClInclude Include="Graphics\TextureCube.h">
      <Filter>头文件</Filter>
    </ClInclude>
    <ClInclude Include="Base\Light.h">
      <Filter>头文件</Filter>
    </ClInclude>
    <ClInclude Include="Graphics\UniformData.h">
      <Filter>头文件</Filter>
    </ClInclude>
  </ItemGroup>
</Project>